
Microsoft Visual Studio Solution File, Format Version 12.00
# Visual Studio Version 16
VisualStudioVersion = 16.0.28527.54
MinimumVisualStudioVersion = 10.0.40219.1
Project("{9A19103F-16F7-4668-BE54-9A1E7A4F7556}") = "SuperTicketApi.ApiEndpoint", "src\SuperTicketApi.ApiEndpoint\SuperTicketApi.ApiEndpoint.csproj", "{FF7B59ED-9ECA-41A0-B1BC-F3BD17A49931}"
EndProject
Project("{2150E333-8FDC-42A3-9474-1A3956D46DE8}") = "ApiEndpoint", "ApiEndpoint", "{2D14C410-AB59-4A82-A341-AA01363DF166}"
EndProject
Project("{9A19103F-16F7-4668-BE54-9A1E7A4F7556}") = "SuperTicketApi.ApiSettings", "src\SuperTicketApi.ApiSettings\SuperTicketApi.ApiSettings.csproj", "{35B984D8-3924-483B-9124-8150E476C926}"
EndProject
Project("{9A19103F-16F7-4668-BE54-9A1E7A4F7556}") = "SuperTicketApi.DistributedServices.Seedwork", "src\SuperTicketApi.DistributedServices.Seedwork\SuperTicketApi.DistributedServices.Seedwork.csproj", "{F5887857-99FA-4203-A5C6-4005375FA357}"
EndProject
Project("{2150E333-8FDC-42A3-9474-1A3956D46DE8}") = "Infrastructure", "Infrastructure", "{360891CA-527C-412A-B091-C849CF0F3499}"
EndProject
Project("{9A19103F-16F7-4668-BE54-9A1E7A4F7556}") = "SuperTicketApi.Infrastructure.Crosscutting", "src\SuperTicketApi.Infrastructure.Crosscutting\SuperTicketApi.Infrastructure.Crosscutting.csproj", "{C3FE8FD2-9100-462D-A740-7BD3F05A2F80}"
EndProject
Project("{9A19103F-16F7-4668-BE54-9A1E7A4F7556}") = "SuperTicketApi.Infrastructure.Crosscutting.Implementation", "src\SuperTicketApi.Infrastructure.Crosscutting.Implementation\SuperTicketApi.Infrastructure.Crosscutting.Implementation.csproj", "{CE05AC37-A457-4F48-92A9-A4E2F46530D5}"
EndProject
Project("{2150E333-8FDC-42A3-9474-1A3956D46DE8}") = "Application", "Application", "{D9B7C196-F704-483A-B78A-B5078CBD5E40}"
EndProject
Project("{9A19103F-16F7-4668-BE54-9A1E7A4F7556}") = "SuperTicketApi.Application.Seedwork", "src\SuperTicketApi.Application.Seedwork\SuperTicketApi.Application.Seedwork.csproj", "{A46D0288-02D1-42EA-87AC-BDD7B93228A1}"
EndProject
Project("{9A19103F-16F7-4668-BE54-9A1E7A4F7556}") = "SuperTicketApi.Application.BoundedContext.DTO", "src\SuperTicketApi.Application.BoundedContext.DTO\SuperTicketApi.Application.BoundedContext.DTO.csproj", "{46B21303-5AA1-4730-A9BF-633364FC5924}"
EndProject
Project("{9A19103F-16F7-4668-BE54-9A1E7A4F7556}") = "SuperTicketApi.Application.MainContext", "src\SuperTicketApi.Application.MainContext\SuperTicketApi.Application.MainContext.csproj", "{283D40F4-CC5A-4459-99AB-FD281966FD3E}"
EndProject
Project("{2150E333-8FDC-42A3-9474-1A3956D46DE8}") = "Domain", "Domain", "{A5C6613A-2822-421B-B380-F9143C0338D2}"
EndProject
Project("{9A19103F-16F7-4668-BE54-9A1E7A4F7556}") = "SuperTicketApi.Domain.Seedwork", "src\SuperTicketApi.Domain.Seedwork\SuperTicketApi.Domain.Seedwork.csproj", "{E4CFD7CF-8124-466B-B3F8-0FEF2206DAEC}"
EndProject
Project("{2150E333-8FDC-42A3-9474-1A3956D46DE8}") = "Database", "Database", "{005FE7E1-F20B-4BB6-A01E-D32BA363F470}"
EndProject
Project("{00D1A9C2-B5F0-4AF3-8072-F6C62B433612}") = "SuperTicketApiMssql", "src\SuperTicketApi.Database.Mssql\SuperTicketApiMssql.sqlproj", "{7F6B3EAF-E3C0-418D-86A5-EFF451E39AFF}"
EndProject
Project("{9A19103F-16F7-4668-BE54-9A1E7A4F7556}") = "SuperTicketApi.Domain.MainContext.Mssql", "src\SuperTicketApi.Domain.MainContext.Mssql\SuperTicketApi.Domain.MainContext.Mssql.csproj", "{F8665BAC-D831-4722-9D6D-AB7BA6872966}"
EndProject
Project("{9A19103F-16F7-4668-BE54-9A1E7A4F7556}") = "SuperTicketApi.Domain.MainContext.DTO", "src\SuperTicketApi.Domain.MainContext.DTO\SuperTicketApi.Domain.MainContext.DTO.csproj", "{FB19D5DA-5162-4A54-86A4-1C90D9166283}"
EndProject
Project("{9A19103F-16F7-4668-BE54-9A1E7A4F7556}") = "SuperTicketApi.Domain.MainContext.Queries", "src\SuperTicketApi.Domain.MainContext.Queries\SuperTicketApi.Domain.MainContext.Queries.csproj", "{D7319B58-49D5-4630-90DE-FC652CD2F78F}"
EndProject
Project("{9A19103F-16F7-4668-BE54-9A1E7A4F7556}") = "SuperTicketApi.Domain.MainContext.Command", "src\SuperTicketApi.Domain.MainContext.Command\SuperTicketApi.Domain.MainContext.Command.csproj", "{4D477EEC-FBEE-4F9E-B64A-602B4AF26AF3}"
EndProject
Project("{2150E333-8FDC-42A3-9474-1A3956D46DE8}") = "CQRS", "CQRS", "{190655D7-E917-47E4-87A6-552DCECE045B}"
EndProject
Project("{9A19103F-16F7-4668-BE54-9A1E7A4F7556}") = "SuperTicketApi.Domain.NUnitTests", "src\SuperTicketApi.Domain.NUnitTests\SuperTicketApi.Domain.NUnitTests.csproj", "{F3FC5EA8-2E42-4700-8AF1-1A3FD82C95E1}"
EndProject
Project("{9A19103F-16F7-4668-BE54-9A1E7A4F7556}") = "SuperTicketApi.NUnitTests", "src\SuperTicketApi.NUnitTests\SuperTicketApi.NUnitTests.csproj", "{034F15BD-09DF-4D21-9253-78057302FAB5}"
EndProject
Project("{9A19103F-16F7-4668-BE54-9A1E7A4F7556}") = "SuperTicketApi.Infrastructure.NUnitTest", "src\SuperTicketApi.Infrastructure.NUnitTest\SuperTicketApi.Infrastructure.NUnitTest.csproj", "{47D76B89-C160-458A-9D7E-65536705E5BE}"
EndProject
Project("{2150E333-8FDC-42A3-9474-1A3956D46DE8}") = "OAuthService", "OAuthService", "{D70B0B84-DA8E-4501-A6C0-ECD89C540AF2}"
EndProject
Project("{FAE04EC0-301F-11D3-BF4B-00C04F79EFBC}") = "SuperTicket.OAuth.Api", "src\OAuthService\SuperTicket.OAuth.Api\SuperTicket.OAuth.Api.csproj", "{524DB287-ED81-4453-A57F-A6BBF497CA6A}"
EndProject
Global
	GlobalSection(SolutionConfigurationPlatforms) = preSolution
		Debug|Any CPU = Debug|Any CPU
		Home|Any CPU = Home|Any CPU
		Nout|Any CPU = Nout|Any CPU
		Release|Any CPU = Release|Any CPU
	EndGlobalSection
	GlobalSection(ProjectConfigurationPlatforms) = postSolution
		{FF7B59ED-9ECA-41A0-B1BC-F3BD17A49931}.Debug|Any CPU.ActiveCfg = Debug|Any CPU
		{FF7B59ED-9ECA-41A0-B1BC-F3BD17A49931}.Debug|Any CPU.Build.0 = Debug|Any CPU
		{FF7B59ED-9ECA-41A0-B1BC-F3BD17A49931}.Home|Any CPU.ActiveCfg = Home|Any CPU
		{FF7B59ED-9ECA-41A0-B1BC-F3BD17A49931}.Home|Any CPU.Build.0 = Home|Any CPU
		{FF7B59ED-9ECA-41A0-B1BC-F3BD17A49931}.Nout|Any CPU.ActiveCfg = Nout|Any CPU
		{FF7B59ED-9ECA-41A0-B1BC-F3BD17A49931}.Nout|Any CPU.Build.0 = Nout|Any CPU
		{FF7B59ED-9ECA-41A0-B1BC-F3BD17A49931}.Release|Any CPU.ActiveCfg = Release|Any CPU
		{FF7B59ED-9ECA-41A0-B1BC-F3BD17A49931}.Release|Any CPU.Build.0 = Release|Any CPU
		{35B984D8-3924-483B-9124-8150E476C926}.Debug|Any CPU.ActiveCfg = Debug|Any CPU
		{35B984D8-3924-483B-9124-8150E476C926}.Debug|Any CPU.Build.0 = Debug|Any CPU
		{35B984D8-3924-483B-9124-8150E476C926}.Home|Any CPU.ActiveCfg = Home|Any CPU
		{35B984D8-3924-483B-9124-8150E476C926}.Home|Any CPU.Build.0 = Home|Any CPU
		{35B984D8-3924-483B-9124-8150E476C926}.Nout|Any CPU.ActiveCfg = Nout|Any CPU
		{35B984D8-3924-483B-9124-8150E476C926}.Nout|Any CPU.Build.0 = Nout|Any CPU
		{35B984D8-3924-483B-9124-8150E476C926}.Release|Any CPU.ActiveCfg = Release|Any CPU
		{35B984D8-3924-483B-9124-8150E476C926}.Release|Any CPU.Build.0 = Release|Any CPU
		{F5887857-99FA-4203-A5C6-4005375FA357}.Debug|Any CPU.ActiveCfg = Debug|Any CPU
		{F5887857-99FA-4203-A5C6-4005375FA357}.Debug|Any CPU.Build.0 = Debug|Any CPU
		{F5887857-99FA-4203-A5C6-4005375FA357}.Home|Any CPU.ActiveCfg = Home|Any CPU
		{F5887857-99FA-4203-A5C6-4005375FA357}.Home|Any CPU.Build.0 = Home|Any CPU
		{F5887857-99FA-4203-A5C6-4005375FA357}.Nout|Any CPU.ActiveCfg = Nout|Any CPU
		{F5887857-99FA-4203-A5C6-4005375FA357}.Nout|Any CPU.Build.0 = Nout|Any CPU
		{F5887857-99FA-4203-A5C6-4005375FA357}.Release|Any CPU.ActiveCfg = Release|Any CPU
		{F5887857-99FA-4203-A5C6-4005375FA357}.Release|Any CPU.Build.0 = Release|Any CPU
		{C3FE8FD2-9100-462D-A740-7BD3F05A2F80}.Debug|Any CPU.ActiveCfg = Debug|Any CPU
		{C3FE8FD2-9100-462D-A740-7BD3F05A2F80}.Debug|Any CPU.Build.0 = Debug|Any CPU
		{C3FE8FD2-9100-462D-A740-7BD3F05A2F80}.Home|Any CPU.ActiveCfg = Home|Any CPU
		{C3FE8FD2-9100-462D-A740-7BD3F05A2F80}.Home|Any CPU.Build.0 = Home|Any CPU
		{C3FE8FD2-9100-462D-A740-7BD3F05A2F80}.Nout|Any CPU.ActiveCfg = Nout|Any CPU
		{C3FE8FD2-9100-462D-A740-7BD3F05A2F80}.Nout|Any CPU.Build.0 = Nout|Any CPU
		{C3FE8FD2-9100-462D-A740-7BD3F05A2F80}.Release|Any CPU.ActiveCfg = Release|Any CPU
		{C3FE8FD2-9100-462D-A740-7BD3F05A2F80}.Release|Any CPU.Build.0 = Release|Any CPU
		{CE05AC37-A457-4F48-92A9-A4E2F46530D5}.Debug|Any CPU.ActiveCfg = Debug|Any CPU
		{CE05AC37-A457-4F48-92A9-A4E2F46530D5}.Debug|Any CPU.Build.0 = Debug|Any CPU
		{CE05AC37-A457-4F48-92A9-A4E2F46530D5}.Home|Any CPU.ActiveCfg = Home|Any CPU
		{CE05AC37-A457-4F48-92A9-A4E2F46530D5}.Home|Any CPU.Build.0 = Home|Any CPU
		{CE05AC37-A457-4F48-92A9-A4E2F46530D5}.Nout|Any CPU.ActiveCfg = Nout|Any CPU
		{CE05AC37-A457-4F48-92A9-A4E2F46530D5}.Nout|Any CPU.Build.0 = Nout|Any CPU
		{CE05AC37-A457-4F48-92A9-A4E2F46530D5}.Release|Any CPU.ActiveCfg = Release|Any CPU
		{CE05AC37-A457-4F48-92A9-A4E2F46530D5}.Release|Any CPU.Build.0 = Release|Any CPU
		{A46D0288-02D1-42EA-87AC-BDD7B93228A1}.Debug|Any CPU.ActiveCfg = Debug|Any CPU
		{A46D0288-02D1-42EA-87AC-BDD7B93228A1}.Debug|Any CPU.Build.0 = Debug|Any CPU
		{A46D0288-02D1-42EA-87AC-BDD7B93228A1}.Home|Any CPU.ActiveCfg = Home|Any CPU
		{A46D0288-02D1-42EA-87AC-BDD7B93228A1}.Home|Any CPU.Build.0 = Home|Any CPU
		{A46D0288-02D1-42EA-87AC-BDD7B93228A1}.Nout|Any CPU.ActiveCfg = Nout|Any CPU
		{A46D0288-02D1-42EA-87AC-BDD7B93228A1}.Nout|Any CPU.Build.0 = Nout|Any CPU
		{A46D0288-02D1-42EA-87AC-BDD7B93228A1}.Release|Any CPU.ActiveCfg = Release|Any CPU
		{A46D0288-02D1-42EA-87AC-BDD7B93228A1}.Release|Any CPU.Build.0 = Release|Any CPU
		{46B21303-5AA1-4730-A9BF-633364FC5924}.Debug|Any CPU.ActiveCfg = Debug|Any CPU
		{46B21303-5AA1-4730-A9BF-633364FC5924}.Debug|Any CPU.Build.0 = Debug|Any CPU
		{46B21303-5AA1-4730-A9BF-633364FC5924}.Home|Any CPU.ActiveCfg = Home|Any CPU
		{46B21303-5AA1-4730-A9BF-633364FC5924}.Home|Any CPU.Build.0 = Home|Any CPU
		{46B21303-5AA1-4730-A9BF-633364FC5924}.Nout|Any CPU.ActiveCfg = Nout|Any CPU
		{46B21303-5AA1-4730-A9BF-633364FC5924}.Nout|Any CPU.Build.0 = Nout|Any CPU
		{46B21303-5AA1-4730-A9BF-633364FC5924}.Release|Any CPU.ActiveCfg = Release|Any CPU
		{46B21303-5AA1-4730-A9BF-633364FC5924}.Release|Any CPU.Build.0 = Release|Any CPU
		{283D40F4-CC5A-4459-99AB-FD281966FD3E}.Debug|Any CPU.ActiveCfg = Debug|Any CPU
		{283D40F4-CC5A-4459-99AB-FD281966FD3E}.Debug|Any CPU.Build.0 = Debug|Any CPU
		{283D40F4-CC5A-4459-99AB-FD281966FD3E}.Home|Any CPU.ActiveCfg = Home|Any CPU
		{283D40F4-CC5A-4459-99AB-FD281966FD3E}.Home|Any CPU.Build.0 = Home|Any CPU
		{283D40F4-CC5A-4459-99AB-FD281966FD3E}.Nout|Any CPU.ActiveCfg = Nout|Any CPU
		{283D40F4-CC5A-4459-99AB-FD281966FD3E}.Nout|Any CPU.Build.0 = Nout|Any CPU
		{283D40F4-CC5A-4459-99AB-FD281966FD3E}.Release|Any CPU.ActiveCfg = Release|Any CPU
		{283D40F4-CC5A-4459-99AB-FD281966FD3E}.Release|Any CPU.Build.0 = Release|Any CPU
		{E4CFD7CF-8124-466B-B3F8-0FEF2206DAEC}.Debug|Any CPU.ActiveCfg = Debug|Any CPU
		{E4CFD7CF-8124-466B-B3F8-0FEF2206DAEC}.Debug|Any CPU.Build.0 = Debug|Any CPU
		{E4CFD7CF-8124-466B-B3F8-0FEF2206DAEC}.Home|Any CPU.ActiveCfg = Home|Any CPU
		{E4CFD7CF-8124-466B-B3F8-0FEF2206DAEC}.Home|Any CPU.Build.0 = Home|Any CPU
		{E4CFD7CF-8124-466B-B3F8-0FEF2206DAEC}.Nout|Any CPU.ActiveCfg = Nout|Any CPU
		{E4CFD7CF-8124-466B-B3F8-0FEF2206DAEC}.Nout|Any CPU.Build.0 = Nout|Any CPU
		{E4CFD7CF-8124-466B-B3F8-0FEF2206DAEC}.Release|Any CPU.ActiveCfg = Release|Any CPU
		{E4CFD7CF-8124-466B-B3F8-0FEF2206DAEC}.Release|Any CPU.Build.0 = Release|Any CPU
		{7F6B3EAF-E3C0-418D-86A5-EFF451E39AFF}.Debug|Any CPU.ActiveCfg = Debug|Any CPU
		{7F6B3EAF-E3C0-418D-86A5-EFF451E39AFF}.Debug|Any CPU.Build.0 = Debug|Any CPU
		{7F6B3EAF-E3C0-418D-86A5-EFF451E39AFF}.Debug|Any CPU.Deploy.0 = Debug|Any CPU
		{7F6B3EAF-E3C0-418D-86A5-EFF451E39AFF}.Home|Any CPU.ActiveCfg = Home|Any CPU
		{7F6B3EAF-E3C0-418D-86A5-EFF451E39AFF}.Home|Any CPU.Build.0 = Home|Any CPU
		{7F6B3EAF-E3C0-418D-86A5-EFF451E39AFF}.Home|Any CPU.Deploy.0 = Home|Any CPU
		{7F6B3EAF-E3C0-418D-86A5-EFF451E39AFF}.Nout|Any CPU.ActiveCfg = Nout|Any CPU
		{7F6B3EAF-E3C0-418D-86A5-EFF451E39AFF}.Nout|Any CPU.Build.0 = Nout|Any CPU
		{7F6B3EAF-E3C0-418D-86A5-EFF451E39AFF}.Nout|Any CPU.Deploy.0 = Nout|Any CPU
		{7F6B3EAF-E3C0-418D-86A5-EFF451E39AFF}.Release|Any CPU.ActiveCfg = Release|Any CPU
		{7F6B3EAF-E3C0-418D-86A5-EFF451E39AFF}.Release|Any CPU.Build.0 = Release|Any CPU
		{7F6B3EAF-E3C0-418D-86A5-EFF451E39AFF}.Release|Any CPU.Deploy.0 = Release|Any CPU
		{F8665BAC-D831-4722-9D6D-AB7BA6872966}.Debug|Any CPU.ActiveCfg = Debug|Any CPU
		{F8665BAC-D831-4722-9D6D-AB7BA6872966}.Debug|Any CPU.Build.0 = Debug|Any CPU
		{F8665BAC-D831-4722-9D6D-AB7BA6872966}.Home|Any CPU.ActiveCfg = Home|Any CPU
		{F8665BAC-D831-4722-9D6D-AB7BA6872966}.Home|Any CPU.Build.0 = Home|Any CPU
		{F8665BAC-D831-4722-9D6D-AB7BA6872966}.Nout|Any CPU.ActiveCfg = Nout|Any CPU
		{F8665BAC-D831-4722-9D6D-AB7BA6872966}.Nout|Any CPU.Build.0 = Nout|Any CPU
		{F8665BAC-D831-4722-9D6D-AB7BA6872966}.Release|Any CPU.ActiveCfg = Release|Any CPU
		{F8665BAC-D831-4722-9D6D-AB7BA6872966}.Release|Any CPU.Build.0 = Release|Any CPU
		{FB19D5DA-5162-4A54-86A4-1C90D9166283}.Debug|Any CPU.ActiveCfg = Debug|Any CPU
		{FB19D5DA-5162-4A54-86A4-1C90D9166283}.Debug|Any CPU.Build.0 = Debug|Any CPU
		{FB19D5DA-5162-4A54-86A4-1C90D9166283}.Home|Any CPU.ActiveCfg = Debug|Any CPU
		{FB19D5DA-5162-4A54-86A4-1C90D9166283}.Home|Any CPU.Build.0 = Debug|Any CPU
		{FB19D5DA-5162-4A54-86A4-1C90D9166283}.Nout|Any CPU.ActiveCfg = Nout|Any CPU
		{FB19D5DA-5162-4A54-86A4-1C90D9166283}.Nout|Any CPU.Build.0 = Nout|Any CPU
		{FB19D5DA-5162-4A54-86A4-1C90D9166283}.Release|Any CPU.ActiveCfg = Release|Any CPU
		{FB19D5DA-5162-4A54-86A4-1C90D9166283}.Release|Any CPU.Build.0 = Release|Any CPU
		{D7319B58-49D5-4630-90DE-FC652CD2F78F}.Debug|Any CPU.ActiveCfg = Debug|Any CPU
		{D7319B58-49D5-4630-90DE-FC652CD2F78F}.Debug|Any CPU.Build.0 = Debug|Any CPU
		{D7319B58-49D5-4630-90DE-FC652CD2F78F}.Home|Any CPU.ActiveCfg = Debug|Any CPU
		{D7319B58-49D5-4630-90DE-FC652CD2F78F}.Home|Any CPU.Build.0 = Debug|Any CPU
		{D7319B58-49D5-4630-90DE-FC652CD2F78F}.Nout|Any CPU.ActiveCfg = Nout|Any CPU
		{D7319B58-49D5-4630-90DE-FC652CD2F78F}.Nout|Any CPU.Build.0 = Nout|Any CPU
		{D7319B58-49D5-4630-90DE-FC652CD2F78F}.Release|Any CPU.ActiveCfg = Release|Any CPU
		{D7319B58-49D5-4630-90DE-FC652CD2F78F}.Release|Any CPU.Build.0 = Release|Any CPU
		{4D477EEC-FBEE-4F9E-B64A-602B4AF26AF3}.Debug|Any CPU.ActiveCfg = Debug|Any CPU
		{4D477EEC-FBEE-4F9E-B64A-602B4AF26AF3}.Debug|Any CPU.Build.0 = Debug|Any CPU
		{4D477EEC-FBEE-4F9E-B64A-602B4AF26AF3}.Home|Any CPU.ActiveCfg = Debug|Any CPU
		{4D477EEC-FBEE-4F9E-B64A-602B4AF26AF3}.Home|Any CPU.Build.0 = Debug|Any CPU
		{4D477EEC-FBEE-4F9E-B64A-602B4AF26AF3}.Nout|Any CPU.ActiveCfg = Nout|Any CPU
		{4D477EEC-FBEE-4F9E-B64A-602B4AF26AF3}.Nout|Any CPU.Build.0 = Nout|Any CPU
		{4D477EEC-FBEE-4F9E-B64A-602B4AF26AF3}.Release|Any CPU.ActiveCfg = Release|Any CPU
		{4D477EEC-FBEE-4F9E-B64A-602B4AF26AF3}.Release|Any CPU.Build.0 = Release|Any CPU
		{F3FC5EA8-2E42-4700-8AF1-1A3FD82C95E1}.Debug|Any CPU.ActiveCfg = Debug|Any CPU
		{F3FC5EA8-2E42-4700-8AF1-1A3FD82C95E1}.Debug|Any CPU.Build.0 = Debug|Any CPU
		{F3FC5EA8-2E42-4700-8AF1-1A3FD82C95E1}.Home|Any CPU.ActiveCfg = Debug|Any CPU
		{F3FC5EA8-2E42-4700-8AF1-1A3FD82C95E1}.Home|Any CPU.Build.0 = Debug|Any CPU
		{F3FC5EA8-2E42-4700-8AF1-1A3FD82C95E1}.Nout|Any CPU.ActiveCfg = Debug|Any CPU
		{F3FC5EA8-2E42-4700-8AF1-1A3FD82C95E1}.Nout|Any CPU.Build.0 = Debug|Any CPU
		{F3FC5EA8-2E42-4700-8AF1-1A3FD82C95E1}.Release|Any CPU.ActiveCfg = Release|Any CPU
		{F3FC5EA8-2E42-4700-8AF1-1A3FD82C95E1}.Release|Any CPU.Build.0 = Release|Any CPU
		{034F15BD-09DF-4D21-9253-78057302FAB5}.Debug|Any CPU.ActiveCfg = Debug|Any CPU
		{034F15BD-09DF-4D21-9253-78057302FAB5}.Debug|Any CPU.Build.0 = Debug|Any CPU
		{034F15BD-09DF-4D21-9253-78057302FAB5}.Home|Any CPU.ActiveCfg = Debug|Any CPU
		{034F15BD-09DF-4D21-9253-78057302FAB5}.Home|Any CPU.Build.0 = Debug|Any CPU
		{034F15BD-09DF-4D21-9253-78057302FAB5}.Nout|Any CPU.ActiveCfg = Debug|Any CPU
		{034F15BD-09DF-4D21-9253-78057302FAB5}.Nout|Any CPU.Build.0 = Debug|Any CPU
		{034F15BD-09DF-4D21-9253-78057302FAB5}.Release|Any CPU.ActiveCfg = Release|Any CPU
		{034F15BD-09DF-4D21-9253-78057302FAB5}.Release|Any CPU.Build.0 = Release|Any CPU
		{47D76B89-C160-458A-9D7E-65536705E5BE}.Debug|Any CPU.ActiveCfg = Debug|Any CPU
		{47D76B89-C160-458A-9D7E-65536705E5BE}.Debug|Any CPU.Build.0 = Debug|Any CPU
		{47D76B89-C160-458A-9D7E-65536705E5BE}.Home|Any CPU.ActiveCfg = Debug|Any CPU
		{47D76B89-C160-458A-9D7E-65536705E5BE}.Home|Any CPU.Build.0 = Debug|Any CPU
		{47D76B89-C160-458A-9D7E-65536705E5BE}.Nout|Any CPU.ActiveCfg = Debug|Any CPU
		{47D76B89-C160-458A-9D7E-65536705E5BE}.Nout|Any CPU.Build.0 = Debug|Any CPU
		{47D76B89-C160-458A-9D7E-65536705E5BE}.Release|Any CPU.ActiveCfg = Release|Any CPU
		{47D76B89-C160-458A-9D7E-65536705E5BE}.Release|Any CPU.Build.0 = Release|Any CPU
		{524DB287-ED81-4453-A57F-A6BBF497CA6A}.Debug|Any CPU.ActiveCfg = Debug|Any CPU
		{524DB287-ED81-4453-A57F-A6BBF497CA6A}.Debug|Any CPU.Build.0 = Debug|Any CPU
		{524DB287-ED81-4453-A57F-A6BBF497CA6A}.Home|Any CPU.ActiveCfg = Debug|Any CPU
		{524DB287-ED81-4453-A57F-A6BBF497CA6A}.Home|Any CPU.Build.0 = Debug|Any CPU
		{524DB287-ED81-4453-A57F-A6BBF497CA6A}.Nout|Any CPU.ActiveCfg = Debug|Any CPU
		{524DB287-ED81-4453-A57F-A6BBF497CA6A}.Nout|Any CPU.Build.0 = Debug|Any CPU
		{524DB287-ED81-4453-A57F-A6BBF497CA6A}.Release|Any CPU.ActiveCfg = Release|Any CPU
		{524DB287-ED81-4453-A57F-A6BBF497CA6A}.Release|Any CPU.Build.0 = Release|Any CPU
	EndGlobalSection
	GlobalSection(SolutionProperties) = preSolution
		HideSolutionNode = FALSE
	EndGlobalSection
	GlobalSection(NestedProjects) = preSolution
		{FF7B59ED-9ECA-41A0-B1BC-F3BD17A49931} = {2D14C410-AB59-4A82-A341-AA01363DF166}
		{35B984D8-3924-483B-9124-8150E476C926} = {2D14C410-AB59-4A82-A341-AA01363DF166}
		{F5887857-99FA-4203-A5C6-4005375FA357} = {2D14C410-AB59-4A82-A341-AA01363DF166}
		{C3FE8FD2-9100-462D-A740-7BD3F05A2F80} = {360891CA-527C-412A-B091-C849CF0F3499}
		{CE05AC37-A457-4F48-92A9-A4E2F46530D5} = {360891CA-527C-412A-B091-C849CF0F3499}
		{A46D0288-02D1-42EA-87AC-BDD7B93228A1} = {D9B7C196-F704-483A-B78A-B5078CBD5E40}
		{46B21303-5AA1-4730-A9BF-633364FC5924} = {D9B7C196-F704-483A-B78A-B5078CBD5E40}
		{283D40F4-CC5A-4459-99AB-FD281966FD3E} = {D9B7C196-F704-483A-B78A-B5078CBD5E40}
		{E4CFD7CF-8124-466B-B3F8-0FEF2206DAEC} = {A5C6613A-2822-421B-B380-F9143C0338D2}
		{7F6B3EAF-E3C0-418D-86A5-EFF451E39AFF} = {005FE7E1-F20B-4BB6-A01E-D32BA363F470}
		{F8665BAC-D831-4722-9D6D-AB7BA6872966} = {A5C6613A-2822-421B-B380-F9143C0338D2}
		{FB19D5DA-5162-4A54-86A4-1C90D9166283} = {A5C6613A-2822-421B-B380-F9143C0338D2}
		{D7319B58-49D5-4630-90DE-FC652CD2F78F} = {190655D7-E917-47E4-87A6-552DCECE045B}
		{4D477EEC-FBEE-4F9E-B64A-602B4AF26AF3} = {190655D7-E917-47E4-87A6-552DCECE045B}
		{190655D7-E917-47E4-87A6-552DCECE045B} = {A5C6613A-2822-421B-B380-F9143C0338D2}
		{F3FC5EA8-2E42-4700-8AF1-1A3FD82C95E1} = {A5C6613A-2822-421B-B380-F9143C0338D2}
		{034F15BD-09DF-4D21-9253-78057302FAB5} = {2D14C410-AB59-4A82-A341-AA01363DF166}
		{47D76B89-C160-458A-9D7E-65536705E5BE} = {360891CA-527C-412A-B091-C849CF0F3499}
		{524DB287-ED81-4453-A57F-A6BBF497CA6A} = {D70B0B84-DA8E-4501-A6C0-ECD89C540AF2}
	EndGlobalSection
	GlobalSection(ExtensibilityGlobals) = postSolution
		SolutionGuid = {2FD923DE-66A3-489D-8396-09D51EE16788}
	EndGlobalSection
EndGlobal
